
Microsoft Visual Studio Solution File, Format Version 12.00
# Visual Studio Version 17
VisualStudioVersion = 17.9.34728.123
MinimumVisualStudioVersion = 10.0.40219.1
Project("{FAE04EC0-301F-11D3-BF4B-00C04F79EFBC}") = "Alex Y Deliverable1", "Alex Y Deliverable1.csproj", "{CA4C2074-7BB9-42A2-A273-B91372564655}"
EndProject
Global
	GlobalSection(SolutionConfigurationPlatforms) = preSolution
		Debug|Any CPU = Debug|Any CPU
		Release|Any CPU = Release|Any CPU
	EndGlobalSection
	GlobalSection(ProjectConfigurationPlatforms) = postSolution
		{CA4C2074-7BB9-42A2-A273-B91372564655}.Debug|Any CPU.ActiveCfg = Debug|Any CPU
		{CA4C2074-7BB9-42A2-A273-B91372564655}.Debug|Any CPU.Build.0 = Debug|Any CPU
		{CA4C2074-7BB9-42A2-A273-B91372564655}.Release|Any CPU.ActiveCfg = Release|Any CPU
		{CA4C2074-7BB9-42A2-A273-B91372564655}.Release|Any CPU.Build.0 = Release|Any CPU
	EndGlobalSection
	GlobalSection(SolutionProperties) = preSolution
		HideSolutionNode = FALSE
	EndGlobalSection
	GlobalSection(ExtensibilityGlobals) = postSolution
		SolutionGuid = {CCF165D0-459B-493B-8BD0-E0BBFF571776}
	EndGlobalSection
EndGlobal
